
Microsoft Visual Studio Solution File, Format Version 12.00
# Visual Studio Version 17
VisualStudioVersion = 17.0.31903.59
MinimumVisualStudioVersion = 10.0.40219.1
Project("{FAE04EC0-301F-11D3-BF4B-00C04F79EFBC}") = "JvmProxy", "JvmProxy\JvmProxy.csproj", "{8A53FF35-53E7-4535-B9CD-DE371C0F4D18}"
EndProject
Project("{FAE04EC0-301F-11D3-BF4B-00C04F79EFBC}") = "JvmProxy.NoCreate", "JvmProxy.NoCreate\JvmProxy.NoCreate.csproj", "{50BB57F4-A9BB-44D0-919C-61034106FDA0}"
EndProject
Project("{FAE04EC0-301F-11D3-BF4B-00C04F79EFBC}") = "JvmProxy.NoVMs", "JvmProxy.NoVMs\JvmProxy.NoVMs.csproj", "{05147F2F-A2D7-418E-949F-C19B06E82183}"
EndProject
Project("{FAE04EC0-301F-11D3-BF4B-00C04F79EFBC}") = "JvmProxy.NoCreateAndNoVMs", "JvmProxy.NoCreateAndNoVMs\JvmProxy.NoCreateAndNoVMs.csproj", "{A02BBC14-779F-454E-8828-0462556B4DCD}"
EndProject
Global
	GlobalSection(SolutionConfigurationPlatforms) = preSolution
		Debug|Any CPU = Debug|Any CPU
		Release|Any CPU = Release|Any CPU
	EndGlobalSection
	GlobalSection(SolutionProperties) = preSolution
		HideSolutionNode = FALSE
	EndGlobalSection
	GlobalSection(ProjectConfigurationPlatforms) = postSolution
		{8A53FF35-53E7-4535-B9CD-DE371C0F4D18}.Debug|Any CPU.ActiveCfg = Debug|Any CPU
		{8A53FF35-53E7-4535-B9CD-DE371C0F4D18}.Debug|Any CPU.Build.0 = Debug|Any CPU
		{8A53FF35-53E7-4535-B9CD-DE371C0F4D18}.Release|Any CPU.ActiveCfg = Release|Any CPU
		{8A53FF35-53E7-4535-B9CD-DE371C0F4D18}.Release|Any CPU.Build.0 = Release|Any CPU
		{50BB57F4-A9BB-44D0-919C-61034106FDA0}.Debug|Any CPU.ActiveCfg = Debug|Any CPU
		{50BB57F4-A9BB-44D0-919C-61034106FDA0}.Debug|Any CPU.Build.0 = Debug|Any CPU
		{50BB57F4-A9BB-44D0-919C-61034106FDA0}.Release|Any CPU.ActiveCfg = Release|Any CPU
		{50BB57F4-A9BB-44D0-919C-61034106FDA0}.Release|Any CPU.Build.0 = Release|Any CPU
		{05147F2F-A2D7-418E-949F-C19B06E82183}.Debug|Any CPU.ActiveCfg = Debug|Any CPU
		{05147F2F-A2D7-418E-949F-C19B06E82183}.Debug|Any CPU.Build.0 = Debug|Any CPU
		{05147F2F-A2D7-418E-949F-C19B06E82183}.Release|Any CPU.ActiveCfg = Release|Any CPU
		{05147F2F-A2D7-418E-949F-C19B06E82183}.Release|Any CPU.Build.0 = Release|Any CPU
		{A02BBC14-779F-454E-8828-0462556B4DCD}.Debug|Any CPU.ActiveCfg = Debug|Any CPU
		{A02BBC14-779F-454E-8828-0462556B4DCD}.Debug|Any CPU.Build.0 = Debug|Any CPU
		{A02BBC14-779F-454E-8828-0462556B4DCD}.Release|Any CPU.ActiveCfg = Release|Any CPU
		{A02BBC14-779F-454E-8828-0462556B4DCD}.Release|Any CPU.Build.0 = Release|Any CPU
	EndGlobalSection
EndGlobal
