
Microsoft Visual Studio Solution File, Format Version 12.00
# Visual Studio Version 17
VisualStudioVersion = 17.0.31903.59
MinimumVisualStudioVersion = 10.0.40219.1
Project("{2150E333-8FDC-42A3-9474-1A3956D46DE8}") = "SourceGenerator", "SourceGenerator", "{50F4F862-0CEC-43BE-8863-947064F7829C}"
EndProject
Project("{FAE04EC0-301F-11D3-BF4B-00C04F79EFBC}") = "Rxmxnx.JNetInterface.SourceGenerator", "SourceGenerator\Rxmxnx.JNetInterface.SourceGenerator\Rxmxnx.JNetInterface.SourceGenerator.csproj", "{DEDEE978-C19C-4E9E-8734-2ABD5A3304B3}"
EndProject
Project("{2150E333-8FDC-42A3-9474-1A3956D46DE8}") = "Intermediate", "Intermediate", "{A149466C-7A87-4D2C-99A5-E9CA896DCC3F}"
EndProject
Project("{FAE04EC0-301F-11D3-BF4B-00C04F79EFBC}") = "Rxmxnx.JNetInterface.Base.Intermediate", "Intermediate\Rxmxnx.JNetInterface.Base.Intermediate\Rxmxnx.JNetInterface.Base.Intermediate.csproj", "{5E1EA92C-FDFA-48B2-9B36-65B4BCC946D5}"
EndProject
Project("{FAE04EC0-301F-11D3-BF4B-00C04F79EFBC}") = "Rxmxnx.JNetInterface.Primitives.Intermediate", "Intermediate\Rxmxnx.JNetInterface.Primitives.Intermediate\Rxmxnx.JNetInterface.Primitives.Intermediate.csproj", "{9784C01C-C4C6-4B70-BD53-A4D39736F240}"
EndProject
Project("{FAE04EC0-301F-11D3-BF4B-00C04F79EFBC}") = "Rxmxnx.JNetInterface.Native.Intermediate", "Intermediate\Rxmxnx.JNetInterface.Native.Intermediate\Rxmxnx.JNetInterface.Native.Intermediate.csproj", "{5C457CC0-7E06-49D3-8CBF-152FCE6B35F0}"
EndProject
Project("{FAE04EC0-301F-11D3-BF4B-00C04F79EFBC}") = "Rxmxnx.JNetInterface.Extensions.Intermediate", "Intermediate\Rxmxnx.JNetInterface.Extensions.Intermediate\Rxmxnx.JNetInterface.Extensions.Intermediate.csproj", "{67D0C5B8-4322-46E6-9B9B-1D8DE0B102C9}"
EndProject
Project("{FAE04EC0-301F-11D3-BF4B-00C04F79EFBC}") = "Rxmxnx.JNetInterface.Implementation.Intermediate", "Intermediate\Rxmxnx.JNetInterface.Implementation.Intermediate\Rxmxnx.JNetInterface.Implementation.Intermediate.csproj", "{263596D9-5A7A-45C2-824C-407D5D108431}"
EndProject
Project("{2150E333-8FDC-42A3-9474-1A3956D46DE8}") = "Test", "Test", "{98AF75B1-A773-4B05-82C8-D3F7865C20BE}"
EndProject
Project("{FAE04EC0-301F-11D3-BF4B-00C04F79EFBC}") = "Rxmxnx.JNetInterface.Base.Tests", "Test\Rxmxnx.JNetInterface.Base.Tests\Rxmxnx.JNetInterface.Base.Tests.csproj", "{9B813DDC-0965-4D53-8239-99810D37332F}"
EndProject
Project("{FAE04EC0-301F-11D3-BF4B-00C04F79EFBC}") = "Rxmxnx.JNetInterface.Primitives.Tests", "Test\Rxmxnx.JNetInterface.Primitives.Tests\Rxmxnx.JNetInterface.Primitives.Tests.csproj", "{2394C94D-2096-4DDF-9EF2-FE2D0E234909}"
EndProject
Project("{2150E333-8FDC-42A3-9474-1A3956D46DE8}") = "ApplicationTest", "ApplicationTest", "{25D4B3AE-0B35-405E-A2C8-9D8678949152}"
EndProject
Project("{FAE04EC0-301F-11D3-BF4B-00C04F79EFBC}") = "Rxmxnx.JNetInterface.ApplicationTest", "ApplicationTest\Rxmxnx.JNetInterface.ApplicationTest\Rxmxnx.JNetInterface.ApplicationTest.csproj", "{3B30C3CF-A6FF-494F-8748-61D091D01252}"
EndProject
Project("{FAE04EC0-301F-11D3-BF4B-00C04F79EFBC}") = "Rxmxnx.JNetInterface.Native.Tests", "Test\Rxmxnx.JNetInterface.Native.Tests\Rxmxnx.JNetInterface.Native.Tests.csproj", "{41FB8164-C22F-42D9-9DAE-F5C68C7B33D4}"
EndProject
Project("{FAE04EC0-301F-11D3-BF4B-00C04F79EFBC}") = "Rxmxnx.JNetInterface.Native.Tests.Proxies", "Test\Rxmxnx.JNetInterface.Native.Tests.Proxies\Rxmxnx.JNetInterface.Native.Tests.Proxies.csproj", "{A10E8EBC-1C36-4E5A-803A-1B78BAEF8F05}"
EndProject
Project("{FAE04EC0-301F-11D3-BF4B-00C04F79EFBC}") = "Rxmxnx.JNetInterface.Extensions.Tests", "Test\Rxmxnx.JNetInterface.Extensions.Tests\Rxmxnx.JNetInterface.Extensions.Tests.csproj", "{A3AE576A-CC53-4B83-8FE8-EA3831C7BB18}"
EndProject
Project("{FAE04EC0-301F-11D3-BF4B-00C04F79EFBC}") = "Rxmxnx.JNetInterface.Implementation.Tests.Proxies", "Test\Rxmxnx.JNetInterface.Implementation.Tests.Proxies\Rxmxnx.JNetInterface.Implementation.Tests.Proxies.csproj", "{639163D7-56CE-4798-9029-D1608CB500C3}"
EndProject
Project("{FAE04EC0-301F-11D3-BF4B-00C04F79EFBC}") = "Rxmxnx.JNetInterface.Implementation.Tests", "Test\Rxmxnx.JNetInterface.Implementation.Tests\Rxmxnx.JNetInterface.Implementation.Tests.csproj", "{09335E44-DBED-43D8-96F7-23FF0795C013}"
EndProject
Project("{FAE04EC0-301F-11D3-BF4B-00C04F79EFBC}") = "Rxmxnx.JNetInterface.LibraryTest", "ApplicationTest\Rxmxnx.JNetInterface.LibraryTest\Rxmxnx.JNetInterface.LibraryTest.csproj", "{BA6F5BF8-90D0-459C-ACA2-021DC2B59010}"
EndProject
Global
	GlobalSection(SolutionConfigurationPlatforms) = preSolution
		Debug|Any CPU = Debug|Any CPU
		Release|Any CPU = Release|Any CPU
	EndGlobalSection
	GlobalSection(SolutionProperties) = preSolution
		HideSolutionNode = FALSE
	EndGlobalSection
	GlobalSection(ProjectConfigurationPlatforms) = postSolution
		{DEDEE978-C19C-4E9E-8734-2ABD5A3304B3}.Debug|Any CPU.ActiveCfg = Debug|Any CPU
		{DEDEE978-C19C-4E9E-8734-2ABD5A3304B3}.Debug|Any CPU.Build.0 = Debug|Any CPU
		{DEDEE978-C19C-4E9E-8734-2ABD5A3304B3}.Release|Any CPU.ActiveCfg = Release|Any CPU
		{DEDEE978-C19C-4E9E-8734-2ABD5A3304B3}.Release|Any CPU.Build.0 = Release|Any CPU
		{5E1EA92C-FDFA-48B2-9B36-65B4BCC946D5}.Debug|Any CPU.ActiveCfg = Debug|Any CPU
		{5E1EA92C-FDFA-48B2-9B36-65B4BCC946D5}.Debug|Any CPU.Build.0 = Debug|Any CPU
		{5E1EA92C-FDFA-48B2-9B36-65B4BCC946D5}.Release|Any CPU.ActiveCfg = Release|Any CPU
		{5E1EA92C-FDFA-48B2-9B36-65B4BCC946D5}.Release|Any CPU.Build.0 = Release|Any CPU
		{9784C01C-C4C6-4B70-BD53-A4D39736F240}.Debug|Any CPU.ActiveCfg = Debug|Any CPU
		{9784C01C-C4C6-4B70-BD53-A4D39736F240}.Debug|Any CPU.Build.0 = Debug|Any CPU
		{9784C01C-C4C6-4B70-BD53-A4D39736F240}.Release|Any CPU.ActiveCfg = Release|Any CPU
		{9784C01C-C4C6-4B70-BD53-A4D39736F240}.Release|Any CPU.Build.0 = Release|Any CPU
		{5C457CC0-7E06-49D3-8CBF-152FCE6B35F0}.Debug|Any CPU.ActiveCfg = Debug|Any CPU
		{5C457CC0-7E06-49D3-8CBF-152FCE6B35F0}.Debug|Any CPU.Build.0 = Debug|Any CPU
		{5C457CC0-7E06-49D3-8CBF-152FCE6B35F0}.Release|Any CPU.ActiveCfg = Release|Any CPU
		{5C457CC0-7E06-49D3-8CBF-152FCE6B35F0}.Release|Any CPU.Build.0 = Release|Any CPU
		{67D0C5B8-4322-46E6-9B9B-1D8DE0B102C9}.Debug|Any CPU.ActiveCfg = Debug|Any CPU
		{67D0C5B8-4322-46E6-9B9B-1D8DE0B102C9}.Debug|Any CPU.Build.0 = Debug|Any CPU
		{67D0C5B8-4322-46E6-9B9B-1D8DE0B102C9}.Release|Any CPU.ActiveCfg = Release|Any CPU
		{67D0C5B8-4322-46E6-9B9B-1D8DE0B102C9}.Release|Any CPU.Build.0 = Release|Any CPU
		{263596D9-5A7A-45C2-824C-407D5D108431}.Debug|Any CPU.ActiveCfg = Debug|Any CPU
		{263596D9-5A7A-45C2-824C-407D5D108431}.Debug|Any CPU.Build.0 = Debug|Any CPU
		{263596D9-5A7A-45C2-824C-407D5D108431}.Release|Any CPU.ActiveCfg = Release|Any CPU
		{263596D9-5A7A-45C2-824C-407D5D108431}.Release|Any CPU.Build.0 = Release|Any CPU
		{9B813DDC-0965-4D53-8239-99810D37332F}.Debug|Any CPU.ActiveCfg = Debug|Any CPU
		{9B813DDC-0965-4D53-8239-99810D37332F}.Debug|Any CPU.Build.0 = Debug|Any CPU
		{9B813DDC-0965-4D53-8239-99810D37332F}.Release|Any CPU.ActiveCfg = Release|Any CPU
		{9B813DDC-0965-4D53-8239-99810D37332F}.Release|Any CPU.Build.0 = Release|Any CPU
		{2394C94D-2096-4DDF-9EF2-FE2D0E234909}.Debug|Any CPU.ActiveCfg = Debug|Any CPU
		{2394C94D-2096-4DDF-9EF2-FE2D0E234909}.Debug|Any CPU.Build.0 = Debug|Any CPU
		{2394C94D-2096-4DDF-9EF2-FE2D0E234909}.Release|Any CPU.ActiveCfg = Release|Any CPU
		{2394C94D-2096-4DDF-9EF2-FE2D0E234909}.Release|Any CPU.Build.0 = Release|Any CPU
		{3B30C3CF-A6FF-494F-8748-61D091D01252}.Debug|Any CPU.ActiveCfg = Debug|Any CPU
		{3B30C3CF-A6FF-494F-8748-61D091D01252}.Debug|Any CPU.Build.0 = Debug|Any CPU
		{3B30C3CF-A6FF-494F-8748-61D091D01252}.Release|Any CPU.ActiveCfg = Release|Any CPU
		{3B30C3CF-A6FF-494F-8748-61D091D01252}.Release|Any CPU.Build.0 = Release|Any CPU
		{41FB8164-C22F-42D9-9DAE-F5C68C7B33D4}.Debug|Any CPU.ActiveCfg = Debug|Any CPU
		{41FB8164-C22F-42D9-9DAE-F5C68C7B33D4}.Debug|Any CPU.Build.0 = Debug|Any CPU
		{41FB8164-C22F-42D9-9DAE-F5C68C7B33D4}.Release|Any CPU.ActiveCfg = Release|Any CPU
		{41FB8164-C22F-42D9-9DAE-F5C68C7B33D4}.Release|Any CPU.Build.0 = Release|Any CPU
		{A10E8EBC-1C36-4E5A-803A-1B78BAEF8F05}.Debug|Any CPU.ActiveCfg = Debug|Any CPU
		{A10E8EBC-1C36-4E5A-803A-1B78BAEF8F05}.Debug|Any CPU.Build.0 = Debug|Any CPU
		{A10E8EBC-1C36-4E5A-803A-1B78BAEF8F05}.Release|Any CPU.ActiveCfg = Release|Any CPU
		{A10E8EBC-1C36-4E5A-803A-1B78BAEF8F05}.Release|Any CPU.Build.0 = Release|Any CPU
		{A3AE576A-CC53-4B83-8FE8-EA3831C7BB18}.Debug|Any CPU.ActiveCfg = Debug|Any CPU
		{A3AE576A-CC53-4B83-8FE8-EA3831C7BB18}.Debug|Any CPU.Build.0 = Debug|Any CPU
		{A3AE576A-CC53-4B83-8FE8-EA3831C7BB18}.Release|Any CPU.ActiveCfg = Release|Any CPU
		{A3AE576A-CC53-4B83-8FE8-EA3831C7BB18}.Release|Any CPU.Build.0 = Release|Any CPU
		{639163D7-56CE-4798-9029-D1608CB500C3}.Debug|Any CPU.ActiveCfg = Debug|Any CPU
		{639163D7-56CE-4798-9029-D1608CB500C3}.Debug|Any CPU.Build.0 = Debug|Any CPU
		{639163D7-56CE-4798-9029-D1608CB500C3}.Release|Any CPU.ActiveCfg = Release|Any CPU
		{639163D7-56CE-4798-9029-D1608CB500C3}.Release|Any CPU.Build.0 = Release|Any CPU
		{09335E44-DBED-43D8-96F7-23FF0795C013}.Debug|Any CPU.ActiveCfg = Debug|Any CPU
		{09335E44-DBED-43D8-96F7-23FF0795C013}.Debug|Any CPU.Build.0 = Debug|Any CPU
		{09335E44-DBED-43D8-96F7-23FF0795C013}.Release|Any CPU.ActiveCfg = Release|Any CPU
		{09335E44-DBED-43D8-96F7-23FF0795C013}.Release|Any CPU.Build.0 = Release|Any CPU
		{BA6F5BF8-90D0-459C-ACA2-021DC2B59010}.Debug|Any CPU.ActiveCfg = Debug|Any CPU
		{BA6F5BF8-90D0-459C-ACA2-021DC2B59010}.Debug|Any CPU.Build.0 = Debug|Any CPU
		{BA6F5BF8-90D0-459C-ACA2-021DC2B59010}.Release|Any CPU.ActiveCfg = Release|Any CPU
		{BA6F5BF8-90D0-459C-ACA2-021DC2B59010}.Release|Any CPU.Build.0 = Release|Any CPU
	EndGlobalSection
	GlobalSection(NestedProjects) = preSolution
		{DEDEE978-C19C-4E9E-8734-2ABD5A3304B3} = {50F4F862-0CEC-43BE-8863-947064F7829C}
		{5E1EA92C-FDFA-48B2-9B36-65B4BCC946D5} = {A149466C-7A87-4D2C-99A5-E9CA896DCC3F}
		{9784C01C-C4C6-4B70-BD53-A4D39736F240} = {A149466C-7A87-4D2C-99A5-E9CA896DCC3F}
		{5C457CC0-7E06-49D3-8CBF-152FCE6B35F0} = {A149466C-7A87-4D2C-99A5-E9CA896DCC3F}
		{67D0C5B8-4322-46E6-9B9B-1D8DE0B102C9} = {A149466C-7A87-4D2C-99A5-E9CA896DCC3F}
		{263596D9-5A7A-45C2-824C-407D5D108431} = {A149466C-7A87-4D2C-99A5-E9CA896DCC3F}
		{9B813DDC-0965-4D53-8239-99810D37332F} = {98AF75B1-A773-4B05-82C8-D3F7865C20BE}
		{2394C94D-2096-4DDF-9EF2-FE2D0E234909} = {98AF75B1-A773-4B05-82C8-D3F7865C20BE}
		{3B30C3CF-A6FF-494F-8748-61D091D01252} = {25D4B3AE-0B35-405E-A2C8-9D8678949152}
		{41FB8164-C22F-42D9-9DAE-F5C68C7B33D4} = {98AF75B1-A773-4B05-82C8-D3F7865C20BE}
		{A10E8EBC-1C36-4E5A-803A-1B78BAEF8F05} = {98AF75B1-A773-4B05-82C8-D3F7865C20BE}
		{A3AE576A-CC53-4B83-8FE8-EA3831C7BB18} = {98AF75B1-A773-4B05-82C8-D3F7865C20BE}
		{639163D7-56CE-4798-9029-D1608CB500C3} = {98AF75B1-A773-4B05-82C8-D3F7865C20BE}
		{09335E44-DBED-43D8-96F7-23FF0795C013} = {98AF75B1-A773-4B05-82C8-D3F7865C20BE}
		{BA6F5BF8-90D0-459C-ACA2-021DC2B59010} = {25D4B3AE-0B35-405E-A2C8-9D8678949152}
	EndGlobalSection
EndGlobal
